
Microsoft Visual Studio Solution File, Format Version 11.00
# Visual Studio 2010
Project("{FAE04EC0-301F-11D3-BF4B-00C04F79EFBC}") = "MTW.Directory7ZipBackup", "MTW.Directory7ZipBackup\MTW.Directory7ZipBackup.csproj", "{71FB36A4-44E5-41C3-AB7F-68ABF14C0EB0}"
EndProject
Project("{54435603-DBB4-11D2-8724-00A0C9A8B90C}") = "MTW.Directory7ZipBackupSetup", "MTW.Directory7ZipBackupSetup\MTW.Directory7ZipBackupSetup.vdproj", "{5D8FBB6E-DA56-450C-AA33-127DCB781300}"
EndProject
Project("{FAE04EC0-301F-11D3-BF4B-00C04F79EFBC}") = "SevenZip", "..\SevenZipSharp\SevenZip\SevenZip.csproj", "{4960DD14-3431-47EC-B9D9-9D2730A98DC3}"
EndProject
Global
	GlobalSection(SubversionScc) = preSolution
		Svn-Managed = True
		Manager = AnkhSVN - Subversion Support for Visual Studio
	EndGlobalSection
	GlobalSection(SolutionConfigurationPlatforms) = preSolution
		Debug|Any CPU = Debug|Any CPU
		Deploy|Any CPU = Deploy|Any CPU
		Release|Any CPU = Release|Any CPU
	EndGlobalSection
	GlobalSection(ProjectConfigurationPlatforms) = postSolution
		{71FB36A4-44E5-41C3-AB7F-68ABF14C0EB0}.Debug|Any CPU.ActiveCfg = Debug|Any CPU
		{71FB36A4-44E5-41C3-AB7F-68ABF14C0EB0}.Debug|Any CPU.Build.0 = Debug|Any CPU
		{71FB36A4-44E5-41C3-AB7F-68ABF14C0EB0}.Deploy|Any CPU.ActiveCfg = Debug|Any CPU
		{71FB36A4-44E5-41C3-AB7F-68ABF14C0EB0}.Deploy|Any CPU.Build.0 = Debug|Any CPU
		{71FB36A4-44E5-41C3-AB7F-68ABF14C0EB0}.Release|Any CPU.ActiveCfg = Release|Any CPU
		{71FB36A4-44E5-41C3-AB7F-68ABF14C0EB0}.Release|Any CPU.Build.0 = Release|Any CPU
		{5D8FBB6E-DA56-450C-AA33-127DCB781300}.Debug|Any CPU.ActiveCfg = Debug
		{5D8FBB6E-DA56-450C-AA33-127DCB781300}.Deploy|Any CPU.ActiveCfg = Debug
		{5D8FBB6E-DA56-450C-AA33-127DCB781300}.Deploy|Any CPU.Build.0 = Debug
		{5D8FBB6E-DA56-450C-AA33-127DCB781300}.Release|Any CPU.ActiveCfg = Release
		{4960DD14-3431-47EC-B9D9-9D2730A98DC3}.Debug|Any CPU.ActiveCfg = Debug|Any CPU
		{4960DD14-3431-47EC-B9D9-9D2730A98DC3}.Debug|Any CPU.Build.0 = Debug|Any CPU
		{4960DD14-3431-47EC-B9D9-9D2730A98DC3}.Deploy|Any CPU.ActiveCfg = Deploy|Any CPU
		{4960DD14-3431-47EC-B9D9-9D2730A98DC3}.Deploy|Any CPU.Build.0 = Deploy|Any CPU
		{4960DD14-3431-47EC-B9D9-9D2730A98DC3}.Release|Any CPU.ActiveCfg = Release|Any CPU
		{4960DD14-3431-47EC-B9D9-9D2730A98DC3}.Release|Any CPU.Build.0 = Release|Any CPU
	EndGlobalSection
	GlobalSection(SolutionProperties) = preSolution
		HideSolutionNode = FALSE
	EndGlobalSection
EndGlobal
